	<Project xmlns="http://schemas.microsoft.com/developer/msbuild/2003">
		<PropertyGroup>
			<ProjectGuid>{188E8B4A-BD87-4CA9-A914-603DF8DB268B}</ProjectGuid>
			<MainSource>pas2c64.dpr</MainSource>
			<Config Condition="'$(Config)'==''">Debug</Config>
			<DCC_DCCCompiler>DCC32</DCC_DCCCompiler>
			<ProjectVersion>12.0</ProjectVersion>
		</PropertyGroup>
		<PropertyGroup Condition="'$(Config)'=='Base' or '$(Base)'!=''">
			<Base>true</Base>
		</PropertyGroup>
		<PropertyGroup Condition="'$(Config)'=='Release' or '$(Cfg_1)'!=''">
			<Cfg_1>true</Cfg_1>
			<CfgParent>Base</CfgParent>
			<Base>true</Base>
		</PropertyGroup>
		<PropertyGroup Condition="'$(Config)'=='Debug' or '$(Cfg_2)'!=''">
			<Cfg_2>true</Cfg_2>
			<CfgParent>Base</CfgParent>
			<Base>true</Base>
		</PropertyGroup>
		<PropertyGroup Condition="'$(Base)'!=''">
			<DCC_UnitAlias>WinTypes=Windows;WinProcs=Windows;$(DCC_UnitAlias)</DCC_UnitAlias>
			<DCC_DependencyCheckOutputName>pas2c64.exe</DCC_DependencyCheckOutputName>
			<DCC_UsePackage>AltiumCore;AltiumComponents;AltiumMisc;AltiumRTL</DCC_UsePackage>
		</PropertyGroup>
		<PropertyGroup Condition="'$(Cfg_1)'!=''">
			<DCC_DebugInformation>False</DCC_DebugInformation>
			<DCC_LocalDebugSymbols>False</DCC_LocalDebugSymbols>
			<DCC_IntegerOverflowCheck>True</DCC_IntegerOverflowCheck>
			<DCC_RangeChecking>True</DCC_RangeChecking>
			<DCC_SymbolReferenceInfo>0</DCC_SymbolReferenceInfo>
			<DCC_DcuOutput>Dcu</DCC_DcuOutput>
			<DCC_ObjOutput>Dcu</DCC_ObjOutput>
			<DCC_HppOutput>Dcu</DCC_HppOutput>
			<DCC_UnitSearchPath>c:\Programming\Delphi Units\;$(DCC_UnitSearchPath)</DCC_UnitSearchPath>
			<DCC_ResourcePath>c:\Programming\Delphi Units\;..\..\RTL\;..\..\RTL\Components\xp\;..\..\RTL\Components\Dream;..\..\RTL\Components\DevEx;..\..\RTL\Components\StrSecII;..\..\RTL\Components\Easy;..\..\RTL\Components\madExcept;..\..\RTL\Components\JCL;..\..\RTL\Components\Public;$(DCC_ResourcePath)</DCC_ResourcePath>
			<DCC_ObjPath>c:\Programming\Delphi Units\;..\..\RTL\;..\..\RTL\Components\xp\;..\..\RTL\Components\Dream;..\..\RTL\Components\DevEx;..\..\RTL\Components\StrSecII;..\..\RTL\Components\Easy;..\..\RTL\Components\madExcept;..\..\RTL\Components\JCL;..\..\RTL\Components\Public;$(DCC_ObjPath)</DCC_ObjPath>
			<DCC_IncludePath>c:\Programming\Delphi Units\;..\..\RTL\;..\..\RTL\Components\xp\;..\..\RTL\Components\Dream;..\..\RTL\Components\DevEx;..\..\RTL\Components\StrSecII;..\..\RTL\Components\Easy;..\..\RTL\Components\madExcept;..\..\RTL\Components\JCL;..\..\RTL\Components\Public;$(DCC_IncludePath)</DCC_IncludePath>
			<DCC_Define>RELEASE;$(DCC_Define)</DCC_Define>
		</PropertyGroup>
		<PropertyGroup Condition="'$(Cfg_2)'!=''">
			<DCC_UnitSearchPath>C:\Program Files\Borland\Delphi6\Source\SynEdit\Source;C:\Source Code\SynEdit\Source;$(DCC_UnitSearchPath)</DCC_UnitSearchPath>
			<DCC_IntegerOverflowCheck>True</DCC_IntegerOverflowCheck>
			<DCC_RangeChecking>True</DCC_RangeChecking>
			<DCC_SymbolReferenceInfo>2</DCC_SymbolReferenceInfo>
			<DCC_DcuOutput>Dcu</DCC_DcuOutput>
			<DCC_ObjOutput>Dcu</DCC_ObjOutput>
			<DCC_HppOutput>Dcu</DCC_HppOutput>
			<DCC_ResourcePath>c:\Programming\Delphi Units\;..\..\RTL\;..\..\RTL\Components\xp\;..\..\RTL\Components\Dream;..\..\RTL\Components\DevEx;..\..\RTL\Components\StrSecII;..\..\RTL\Components\Easy;..\..\RTL\Components\madExcept;..\..\RTL\Components\JCL;..\..\RTL\Components\Public;..\..\RTL\RT_Geometry;$(DCC_ResourcePath)</DCC_ResourcePath>
			<DCC_ObjPath>c:\Programming\Delphi Units\;..\..\RTL\;..\..\RTL\Components\xp\;..\..\RTL\Components\Dream;..\..\RTL\Components\DevEx;..\..\RTL\Components\StrSecII;..\..\RTL\Components\Easy;..\..\RTL\Components\madExcept;..\..\RTL\Components\JCL;..\..\RTL\Components\Public;..\..\RTL\RT_Geometry;$(DCC_ObjPath)</DCC_ObjPath>
			<DCC_IncludePath>c:\Programming\Delphi Units\;..\..\RTL\;..\..\RTL\Components\xp\;..\..\RTL\Components\Dream;..\..\RTL\Components\DevEx;..\..\RTL\Components\StrSecII;..\..\RTL\Components\Easy;..\..\RTL\Components\madExcept;..\..\RTL\Components\JCL;..\..\RTL\Components\Public;..\..\RTL\RT_Geometry;$(DCC_IncludePath)</DCC_IncludePath>
			<DCC_Define>DEBUG;$(DCC_Define)</DCC_Define>
		</PropertyGroup>
		<ItemGroup>
			<DelphiCompile Include="pas2c64.dpr">
				<MainSource>MainSource</MainSource>
			</DelphiCompile>
			<DCCReference Include="form_pas2c64.pas">
				<Form>FormMainForm</Form>
			</DCCReference>
			<DCCReference Include="units\unit_pas2c64_CodeGenerator.pas"/>
			<DCCReference Include="units\unit_pas2c64_parser.pas"/>
			<DCCReference Include="units\unit_pas2c64_constants.pas"/>
			<DCCReference Include="units\unit_pas2c64_symboltable.pas"/>
			<DCCReference Include="units\uParser.pas"/>
			<DCCReference Include="units\unit_Macros.pas"/>
			<BuildConfiguration Include="Base">
				<Key>Base</Key>
			</BuildConfiguration>
			<BuildConfiguration Include="Debug">
				<Key>Cfg_2</Key>
				<CfgParent>Base</CfgParent>
			</BuildConfiguration>
			<BuildConfiguration Include="Release">
				<Key>Cfg_1</Key>
				<CfgParent>Base</CfgParent>
			</BuildConfiguration>
		</ItemGroup>
		<Import Project="$(BDS)\Bin\CodeGear.Delphi.Targets" Condition="Exists('$(BDS)\Bin\CodeGear.Delphi.Targets')"/>
		<ProjectExtensions>
			<Borland.Personality>Delphi.Personality.12</Borland.Personality>
			<Borland.ProjectType>VCLApplication</Borland.ProjectType>
			<BorlandProject>
				<Delphi.Personality>
					<Source>
						<Source Name="MainSource">pas2c64.dpr</Source>
					</Source>
					<Parameters>
						<Parameters Name="UseLauncher">False</Parameters>
						<Parameters Name="LoadAllSymbols">True</Parameters>
						<Parameters Name="LoadUnspecifiedSymbols">False</Parameters>
					</Parameters>
					<VersionInfo>
						<VersionInfo Name="IncludeVerInfo">False</VersionInfo>
						<VersionInfo Name="AutoIncBuild">False</VersionInfo>
						<VersionInfo Name="MajorVer">1</VersionInfo>
						<VersionInfo Name="MinorVer">0</VersionInfo>
						<VersionInfo Name="Release">0</VersionInfo>
						<VersionInfo Name="Build">0</VersionInfo>
						<VersionInfo Name="Debug">False</VersionInfo>
						<VersionInfo Name="PreRelease">False</VersionInfo>
						<VersionInfo Name="Special">False</VersionInfo>
						<VersionInfo Name="Private">False</VersionInfo>
						<VersionInfo Name="DLL">False</VersionInfo>
						<VersionInfo Name="Locale">3081</VersionInfo>
						<VersionInfo Name="CodePage">1252</VersionInfo>
					</VersionInfo>
					<VersionInfoKeys>
						<VersionInfoKeys Name="CompanyName"/>
						<VersionInfoKeys Name="FileDescription"/>
						<VersionInfoKeys Name="FileVersion">1.0.0.0</VersionInfoKeys>
						<VersionInfoKeys Name="InternalName"/>
						<VersionInfoKeys Name="LegalCopyright"/>
						<VersionInfoKeys Name="LegalTrademarks"/>
						<VersionInfoKeys Name="OriginalFilename"/>
						<VersionInfoKeys Name="ProductName"/>
						<VersionInfoKeys Name="ProductVersion">1.0.0.0</VersionInfoKeys>
						<VersionInfoKeys Name="Comments"/>
					</VersionInfoKeys>
					<Excluded_Packages>
						<Excluded_Packages Name="$(BDS)\bin\dcloffice2k140.bpl">Microsoft Office 2000 Sample Automation Server Wrapper Components</Excluded_Packages>
						<Excluded_Packages Name="$(BDS)\bin\dclofficexp140.bpl">Microsoft Office XP Sample Automation Server Wrapper Components</Excluded_Packages>
						<Excluded_Packages Name="C:\Documents and Settings\All Users\Documents\RAD Studio\7.0\Bpl\JclBaseExpert140.bpl">JCL Package containing common units for JCL Experts</Excluded_Packages>
						<Excluded_Packages Name="C:\Documents and Settings\All Users\Documents\RAD Studio\7.0\Bpl\JclDebugExpert140.bpl">JCL Debug IDE extension</Excluded_Packages>
						<Excluded_Packages Name="C:\Documents and Settings\All Users\Documents\RAD Studio\7.0\Bpl\JclProjectAnalysisExpert140.bpl">JCL Project Analyzer</Excluded_Packages>
						<Excluded_Packages Name="C:\Documents and Settings\All Users\Documents\RAD Studio\7.0\Bpl\JclFavoriteFoldersExpert140.bpl">JCL Open and Save IDE dialogs with favorite folders</Excluded_Packages>
						<Excluded_Packages Name="C:\Documents and Settings\All Users\Documents\RAD Studio\7.0\Bpl\JclRepositoryExpert140.bpl">JCL Package containing repository wizards</Excluded_Packages>
						<Excluded_Packages Name="C:\Documents and Settings\All Users\Documents\RAD Studio\7.0\Bpl\JclSIMDViewExpert140.bpl">JCL Debug Window of XMM registers</Excluded_Packages>
						<Excluded_Packages Name="C:\Documents and Settings\All Users\Documents\RAD Studio\7.0\Bpl\JclStackTraceViewerExpert140.bpl">JCL Stack Trace Viewer</Excluded_Packages>
					</Excluded_Packages>
				</Delphi.Personality>
			</BorlandProject>
			<ProjectFileVersion>12</ProjectFileVersion>
		</ProjectExtensions>
	</Project>
