<?xml version="1.0"?>
<CONFIG>
  <ProjectOptions>
    <Version Value="9"/>
    <PathDelim Value="\"/>
    <General>
      <Flags>
        <MainUnitHasUsesSectionForAllUnits Value="False"/>
        <MainUnitHasCreateFormStatements Value="False"/>
        <MainUnitHasTitleStatement Value="False"/>
      </Flags>
      <MainUnit Value="0"/>
      <ResourceType Value="res"/>
      <UseXPManifest Value="True"/>
      <Icon Value="0"/>
      <ActiveWindowIndexAtStart Value="0"/>
    </General>
    <i18n>
      <EnableI18N LFM="False"/>
    </i18n>
    <VersionInfo>
      <StringTable ProductVersion=""/>
    </VersionInfo>
    <BuildModes Count="1" Active="Default">
      <Item1 Name="Default" Default="True"/>
    </BuildModes>
    <PublishOptions>
      <Version Value="2"/>
      <IncludeFileFilter Value="*.(pas|pp|inc|lfm|lpr|lrs|lpi|lpk|sh|xml)"/>
      <ExcludeFileFilter Value="*.(bak|ppu|o|so);*~;backup"/>
    </PublishOptions>
    <RunParams>
      <local>
        <FormatVersion Value="1"/>
      </local>
    </RunParams>
    <RequiredPackages Count="2">
      <Item1>
        <PackageName Value="SynEdit"/>
      </Item1>
      <Item2>
        <PackageName Value="LCL"/>
      </Item2>
    </RequiredPackages>
    <Units Count="12">
      <Unit0>
        <Filename Value="pas2c64.lpr"/>
        <IsPartOfProject Value="True"/>
        <EditorIndex Value="0"/>
        <WindowIndex Value="0"/>
        <TopLine Value="8"/>
        <CursorPos X="1" Y="22"/>
        <UsageCount Value="40"/>
        <Loaded Value="True"/>
        <DefaultSyntaxHighlighter Value="Delphi"/>
      </Unit0>
      <Unit1>
        <Filename Value="form_pas2c64.pas"/>
        <IsPartOfProject Value="True"/>
        <ComponentName Value="FormMainForm"/>
        <HasResources Value="True"/>
        <ResourceBaseClass Value="Form"/>
        <UnitName Value="form_pas2c64"/>
        <IsVisibleTab Value="True"/>
        <EditorIndex Value="1"/>
        <WindowIndex Value="0"/>
        <TopLine Value="110"/>
        <CursorPos X="24" Y="146"/>
        <UsageCount Value="40"/>
        <Loaded Value="True"/>
        <LoadedDesigner Value="True"/>
        <DefaultSyntaxHighlighter Value="Delphi"/>
      </Unit1>
      <Unit2>
        <Filename Value="units\unit_pas2c64_CodeGenerator.pas"/>
        <IsPartOfProject Value="True"/>
        <UnitName Value="unit_pas2c64_CodeGenerator"/>
        <EditorIndex Value="2"/>
        <WindowIndex Value="0"/>
        <TopLine Value="562"/>
        <CursorPos X="1" Y="590"/>
        <UsageCount Value="40"/>
        <Loaded Value="True"/>
        <DefaultSyntaxHighlighter Value="Delphi"/>
      </Unit2>
      <Unit3>
        <Filename Value="units\unit_pas2c64_parser.pas"/>
        <IsPartOfProject Value="True"/>
        <UnitName Value="unit_pas2c64_parser"/>
        <EditorIndex Value="4"/>
        <WindowIndex Value="0"/>
        <TopLine Value="178"/>
        <CursorPos X="14" Y="186"/>
        <UsageCount Value="40"/>
        <Loaded Value="True"/>
        <DefaultSyntaxHighlighter Value="Delphi"/>
      </Unit3>
      <Unit4>
        <Filename Value="units\unit_pas2c64_constants.pas"/>
        <IsPartOfProject Value="True"/>
        <UnitName Value="unit_pas2c64_constants"/>
        <EditorIndex Value="3"/>
        <WindowIndex Value="0"/>
        <TopLine Value="214"/>
        <CursorPos X="15" Y="239"/>
        <UsageCount Value="40"/>
        <Loaded Value="True"/>
        <DefaultSyntaxHighlighter Value="Delphi"/>
      </Unit4>
      <Unit5>
        <Filename Value="units\unit_pas2c64_symboltable.pas"/>
        <IsPartOfProject Value="True"/>
        <UnitName Value="unit_pas2c64_symboltable"/>
        <EditorIndex Value="5"/>
        <WindowIndex Value="0"/>
        <TopLine Value="82"/>
        <CursorPos X="1" Y="1"/>
        <UsageCount Value="40"/>
        <Loaded Value="True"/>
        <DefaultSyntaxHighlighter Value="Delphi"/>
      </Unit5>
      <Unit6>
        <Filename Value="units\uParser.pas"/>
        <IsPartOfProject Value="True"/>
        <UnitName Value="uParser"/>
        <EditorIndex Value="6"/>
        <WindowIndex Value="0"/>
        <TopLine Value="313"/>
        <CursorPos X="1" Y="329"/>
        <UsageCount Value="40"/>
        <Loaded Value="True"/>
        <DefaultSyntaxHighlighter Value="Delphi"/>
      </Unit6>
      <Unit7>
        <Filename Value="units\unit_Macros.pas"/>
        <IsPartOfProject Value="True"/>
        <UnitName Value="unit_Macros"/>
        <EditorIndex Value="7"/>
        <WindowIndex Value="0"/>
        <TopLine Value="1"/>
        <CursorPos X="1" Y="1"/>
        <UsageCount Value="40"/>
        <Loaded Value="True"/>
        <DefaultSyntaxHighlighter Value="Delphi"/>
      </Unit7>
      <Unit8>
        <Filename Value="C:\lazarus\lcl\forms.pp"/>
        <UnitName Value="Forms"/>
        <WindowIndex Value="0"/>
        <TopLine Value="33"/>
        <CursorPos X="5" Y="43"/>
        <UsageCount Value="8"/>
      </Unit8>
      <Unit9>
        <Filename Value="C:\lazarus\components\synedit\synedit.pp"/>
        <UnitName Value="SynEdit"/>
        <WindowIndex Value="0"/>
        <TopLine Value="991"/>
        <CursorPos X="3" Y="1013"/>
        <UsageCount Value="8"/>
      </Unit9>
      <Unit10>
        <Filename Value="C:\lazarus\fpc\2.4.2\source\rtl\objpas\classes\classesh.inc"/>
        <WindowIndex Value="0"/>
        <TopLine Value="877"/>
        <CursorPos X="29" Y="894"/>
        <UsageCount Value="8"/>
      </Unit10>
      <Unit11>
        <Filename Value="C:\lazarus\fpc\2.4.2\source\packages\winunits-base\src\shellapi.pp"/>
        <UnitName Value="ShellApi"/>
        <WindowIndex Value="0"/>
        <TopLine Value="111"/>
        <CursorPos X="1" Y="111"/>
        <UsageCount Value="8"/>
      </Unit11>
    </Units>
    <JumpHistory Count="30" HistoryIndex="29">
      <Position1>
        <Filename Value="units\unit_pas2c64_parser.pas"/>
        <Caret Line="194" Column="24" TopLine="166"/>
      </Position1>
      <Position2>
        <Filename Value="units\unit_pas2c64_parser.pas"/>
        <Caret Line="216" Column="24" TopLine="188"/>
      </Position2>
      <Position3>
        <Filename Value="units\unit_pas2c64_parser.pas"/>
        <Caret Line="223" Column="24" TopLine="195"/>
      </Position3>
      <Position4>
        <Filename Value="units\unit_pas2c64_parser.pas"/>
        <Caret Line="225" Column="24" TopLine="197"/>
      </Position4>
      <Position5>
        <Filename Value="units\unit_pas2c64_parser.pas"/>
        <Caret Line="227" Column="24" TopLine="199"/>
      </Position5>
      <Position6>
        <Filename Value="units\unit_pas2c64_parser.pas"/>
        <Caret Line="232" Column="24" TopLine="204"/>
      </Position6>
      <Position7>
        <Filename Value="units\unit_pas2c64_parser.pas"/>
        <Caret Line="239" Column="24" TopLine="211"/>
      </Position7>
      <Position8>
        <Filename Value="units\unit_pas2c64_parser.pas"/>
        <Caret Line="241" Column="24" TopLine="213"/>
      </Position8>
      <Position9>
        <Filename Value="units\unit_pas2c64_parser.pas"/>
        <Caret Line="285" Column="39" TopLine="268"/>
      </Position9>
      <Position10>
        <Filename Value="units\unit_pas2c64_parser.pas"/>
        <Caret Line="190" Column="36" TopLine="160"/>
      </Position10>
      <Position11>
        <Filename Value="units\unit_pas2c64_parser.pas"/>
        <Caret Line="1" Column="1" TopLine="1"/>
      </Position11>
      <Position12>
        <Filename Value="units\unit_pas2c64_parser.pas"/>
        <Caret Line="204" Column="1" TopLine="198"/>
      </Position12>
      <Position13>
        <Filename Value="units\unit_pas2c64_parser.pas"/>
        <Caret Line="206" Column="1" TopLine="198"/>
      </Position13>
      <Position14>
        <Filename Value="units\unit_pas2c64_parser.pas"/>
        <Caret Line="207" Column="1" TopLine="198"/>
      </Position14>
      <Position15>
        <Filename Value="units\unit_pas2c64_parser.pas"/>
        <Caret Line="208" Column="1" TopLine="198"/>
      </Position15>
      <Position16>
        <Filename Value="units\unit_pas2c64_parser.pas"/>
        <Caret Line="209" Column="1" TopLine="198"/>
      </Position16>
      <Position17>
        <Filename Value="units\unit_pas2c64_parser.pas"/>
        <Caret Line="210" Column="1" TopLine="198"/>
      </Position17>
      <Position18>
        <Filename Value="units\unit_pas2c64_parser.pas"/>
        <Caret Line="212" Column="1" TopLine="198"/>
      </Position18>
      <Position19>
        <Filename Value="units\unit_pas2c64_parser.pas"/>
        <Caret Line="213" Column="1" TopLine="198"/>
      </Position19>
      <Position20>
        <Filename Value="units\unit_pas2c64_parser.pas"/>
        <Caret Line="214" Column="1" TopLine="198"/>
      </Position20>
      <Position21>
        <Filename Value="units\unit_pas2c64_parser.pas"/>
        <Caret Line="216" Column="1" TopLine="200"/>
      </Position21>
      <Position22>
        <Filename Value="units\unit_pas2c64_parser.pas"/>
        <Caret Line="229" Column="1" TopLine="220"/>
      </Position22>
      <Position23>
        <Filename Value="units\unit_pas2c64_parser.pas"/>
        <Caret Line="230" Column="1" TopLine="220"/>
      </Position23>
      <Position24>
        <Filename Value="units\unit_pas2c64_parser.pas"/>
        <Caret Line="232" Column="1" TopLine="220"/>
      </Position24>
      <Position25>
        <Filename Value="units\unit_pas2c64_parser.pas"/>
        <Caret Line="233" Column="1" TopLine="220"/>
      </Position25>
      <Position26>
        <Filename Value="units\unit_pas2c64_parser.pas"/>
        <Caret Line="234" Column="1" TopLine="220"/>
      </Position26>
      <Position27>
        <Filename Value="units\unit_pas2c64_parser.pas"/>
        <Caret Line="235" Column="1" TopLine="220"/>
      </Position27>
      <Position28>
        <Filename Value="units\unit_pas2c64_parser.pas"/>
        <Caret Line="236" Column="1" TopLine="220"/>
      </Position28>
      <Position29>
        <Filename Value="units\unit_pas2c64_parser.pas"/>
        <Caret Line="253" Column="1" TopLine="244"/>
      </Position29>
      <Position30>
        <Filename Value="units\unit_pas2c64_parser.pas"/>
        <Caret Line="187" Column="64" TopLine="178"/>
      </Position30>
    </JumpHistory>
  </ProjectOptions>
  <CompilerOptions>
    <Version Value="9"/>
    <PathDelim Value="\"/>
    <SearchPaths>
      <IncludeFiles Value="units"/>
      <OtherUnitFiles Value="units"/>
    </SearchPaths>
    <Parsing>
      <SyntaxOptions>
        <SyntaxMode Value="delphi"/>
      </SyntaxOptions>
    </Parsing>
    <Other>
      <CompilerPath Value="$(CompPath)"/>
    </Other>
  </CompilerOptions>
  <Debugging>
    <Exceptions Count="3">
      <Item1>
        <Name Value="EAbort"/>
      </Item1>
      <Item2>
        <Name Value="ECodetoolError"/>
      </Item2>
      <Item3>
        <Name Value="EFOpenError"/>
      </Item3>
    </Exceptions>
  </Debugging>
</CONFIG>
