<?xml version="1.0"?>
<CONFIG>
  <ProjectOptions>
    <Version Value="9"/>
    <PathDelim Value="\"/>
    <General>
      <Flags>
        <MainUnitHasUsesSectionForAllUnits Value="False"/>
        <MainUnitHasCreateFormStatements Value="False"/>
        <MainUnitHasTitleStatement Value="False"/>
      </Flags>
      <MainUnit Value="0"/>
      <ResourceType Value="res"/>
      <UseXPManifest Value="True"/>
      <Icon Value="0"/>
      <ActiveWindowIndexAtStart Value="0"/>
    </General>
    <i18n>
      <EnableI18N LFM="False"/>
    </i18n>
    <VersionInfo>
      <StringTable ProductVersion=""/>
    </VersionInfo>
    <BuildModes Count="1" Active="Default">
      <Item1 Name="Default" Default="True"/>
    </BuildModes>
    <PublishOptions>
      <Version Value="2"/>
      <IncludeFileFilter Value="*.(pas|pp|inc|lfm|lpr|lrs|lpi|lpk|sh|xml)"/>
      <ExcludeFileFilter Value="*.(bak|ppu|o|so);*~;backup"/>
    </PublishOptions>
    <RunParams>
      <local>
        <FormatVersion Value="1"/>
      </local>
    </RunParams>
    <RequiredPackages Count="2">
      <Item1>
        <PackageName Value="SynEdit"/>
      </Item1>
      <Item2>
        <PackageName Value="LCL"/>
      </Item2>
    </RequiredPackages>
    <Units Count="12">
      <Unit0>
        <Filename Value="pas2c64.lpr"/>
        <IsPartOfProject Value="True"/>
        <EditorIndex Value="0"/>
        <WindowIndex Value="0"/>
        <TopLine Value="1"/>
        <CursorPos X="55" Y="20"/>
        <UsageCount Value="203"/>
        <Loaded Value="True"/>
        <DefaultSyntaxHighlighter Value="Delphi"/>
      </Unit0>
      <Unit1>
        <Filename Value="form_pas2c64.pas"/>
        <IsPartOfProject Value="True"/>
        <ComponentName Value="FormMainForm"/>
        <HasResources Value="True"/>
        <ResourceBaseClass Value="Form"/>
        <UnitName Value="form_pas2c64"/>
        <EditorIndex Value="1"/>
        <WindowIndex Value="0"/>
        <TopLine Value="162"/>
        <CursorPos X="1" Y="171"/>
        <UsageCount Value="203"/>
        <Loaded Value="True"/>
        <DefaultSyntaxHighlighter Value="Delphi"/>
      </Unit1>
      <Unit2>
        <Filename Value="units\unit_pas2c64_CodeGenerator.pas"/>
        <IsPartOfProject Value="True"/>
        <UnitName Value="unit_pas2c64_CodeGenerator"/>
        <EditorIndex Value="2"/>
        <WindowIndex Value="0"/>
        <TopLine Value="699"/>
        <CursorPos X="73" Y="632"/>
        <UsageCount Value="203"/>
        <Loaded Value="True"/>
        <DefaultSyntaxHighlighter Value="Delphi"/>
      </Unit2>
      <Unit3>
        <Filename Value="units\unit_pas2c64_parser.pas"/>
        <IsPartOfProject Value="True"/>
        <UnitName Value="unit_pas2c64_parser"/>
        <IsVisibleTab Value="True"/>
        <EditorIndex Value="4"/>
        <WindowIndex Value="0"/>
        <TopLine Value="1468"/>
        <CursorPos X="21" Y="1491"/>
        <UsageCount Value="203"/>
        <Loaded Value="True"/>
        <DefaultSyntaxHighlighter Value="Delphi"/>
      </Unit3>
      <Unit4>
        <Filename Value="units\unit_pas2c64_constants.pas"/>
        <IsPartOfProject Value="True"/>
        <UnitName Value="unit_pas2c64_constants"/>
        <EditorIndex Value="3"/>
        <WindowIndex Value="0"/>
        <TopLine Value="217"/>
        <CursorPos X="59" Y="240"/>
        <UsageCount Value="203"/>
        <Loaded Value="True"/>
        <DefaultSyntaxHighlighter Value="Delphi"/>
      </Unit4>
      <Unit5>
        <Filename Value="units\unit_pas2c64_symboltable.pas"/>
        <IsPartOfProject Value="True"/>
        <UnitName Value="unit_pas2c64_symboltable"/>
        <EditorIndex Value="7"/>
        <WindowIndex Value="0"/>
        <TopLine Value="1"/>
        <CursorPos X="1" Y="16"/>
        <UsageCount Value="203"/>
        <Loaded Value="True"/>
        <DefaultSyntaxHighlighter Value="Delphi"/>
      </Unit5>
      <Unit6>
        <Filename Value="units\uParser.pas"/>
        <IsPartOfProject Value="True"/>
        <UnitName Value="uParser"/>
        <EditorIndex Value="8"/>
        <WindowIndex Value="0"/>
        <TopLine Value="778"/>
        <CursorPos X="14" Y="804"/>
        <UsageCount Value="203"/>
        <Loaded Value="True"/>
        <DefaultSyntaxHighlighter Value="Delphi"/>
      </Unit6>
      <Unit7>
        <Filename Value="units\unit_Macros.pas"/>
        <IsPartOfProject Value="True"/>
        <UnitName Value="unit_Macros"/>
        <EditorIndex Value="9"/>
        <WindowIndex Value="0"/>
        <TopLine Value="34"/>
        <CursorPos X="1" Y="49"/>
        <UsageCount Value="203"/>
        <Loaded Value="True"/>
        <DefaultSyntaxHighlighter Value="Delphi"/>
      </Unit7>
      <Unit8>
        <Filename Value="units\unit_expressions.pas"/>
        <IsPartOfProject Value="True"/>
        <UnitName Value="unit_Expressions"/>
        <EditorIndex Value="6"/>
        <WindowIndex Value="0"/>
        <TopLine Value="230"/>
        <CursorPos X="1" Y="264"/>
        <UsageCount Value="180"/>
        <Loaded Value="True"/>
        <DefaultSyntaxHighlighter Value="Delphi"/>
      </Unit8>
      <Unit9>
        <Filename Value="C:\lazarus\lcl\dialogs.pp"/>
        <UnitName Value="Dialogs"/>
        <WindowIndex Value="0"/>
        <TopLine Value="147"/>
        <CursorPos X="22" Y="151"/>
        <UsageCount Value="16"/>
      </Unit9>
      <Unit10>
        <Filename Value="..\Downloads\j6502b.pas"/>
        <UnitName Value="j6502b"/>
        <WindowIndex Value="0"/>
        <TopLine Value="54"/>
        <CursorPos X="67" Y="72"/>
        <UsageCount Value="54"/>
        <DefaultSyntaxHighlighter Value="Delphi"/>
      </Unit10>
      <Unit11>
        <Filename Value="C:\Lazarus\fpc\2.4.2\source\rtl\objpas\sysutils\sysstrh.inc"/>
        <EditorIndex Value="5"/>
        <WindowIndex Value="0"/>
        <TopLine Value="129"/>
        <CursorPos X="10" Y="77"/>
        <UsageCount Value="11"/>
        <Loaded Value="True"/>
      </Unit11>
    </Units>
    <JumpHistory Count="30" HistoryIndex="29">
      <Position1>
        <Filename Value="units\unit_pas2c64_parser.pas"/>
        <Caret Line="116" Column="30" TopLine="99"/>
      </Position1>
      <Position2>
        <Filename Value="units\unit_pas2c64_parser.pas"/>
        <Caret Line="1270" Column="35" TopLine="1247"/>
      </Position2>
      <Position3>
        <Filename Value="units\unit_pas2c64_parser.pas"/>
        <Caret Line="1486" Column="57" TopLine="1464"/>
      </Position3>
      <Position4>
        <Filename Value="units\uParser.pas"/>
        <Caret Line="364" Column="1" TopLine="347"/>
      </Position4>
      <Position5>
        <Filename Value="units\unit_pas2c64_parser.pas"/>
        <Caret Line="1491" Column="1" TopLine="1464"/>
      </Position5>
      <Position6>
        <Filename Value="units\unit_pas2c64_parser.pas"/>
        <Caret Line="1477" Column="1" TopLine="1464"/>
      </Position6>
      <Position7>
        <Filename Value="units\unit_pas2c64_parser.pas"/>
        <Caret Line="1479" Column="1" TopLine="1464"/>
      </Position7>
      <Position8>
        <Filename Value="units\unit_pas2c64_parser.pas"/>
        <Caret Line="1480" Column="1" TopLine="1464"/>
      </Position8>
      <Position9>
        <Filename Value="units\unit_pas2c64_parser.pas"/>
        <Caret Line="1491" Column="23" TopLine="1467"/>
      </Position9>
      <Position10>
        <Filename Value="units\uParser.pas"/>
        <Caret Line="731" Column="1" TopLine="715"/>
      </Position10>
      <Position11>
        <Filename Value="units\uParser.pas"/>
        <Caret Line="732" Column="1" TopLine="715"/>
      </Position11>
      <Position12>
        <Filename Value="units\uParser.pas"/>
        <Caret Line="55" Column="14" TopLine="46"/>
      </Position12>
      <Position13>
        <Filename Value="units\uParser.pas"/>
        <Caret Line="804" Column="14" TopLine="777"/>
      </Position13>
      <Position14>
        <Filename Value="units\uParser.pas"/>
        <Caret Line="747" Column="1" TopLine="715"/>
      </Position14>
      <Position15>
        <Filename Value="units\uParser.pas"/>
        <Caret Line="736" Column="1" TopLine="715"/>
      </Position15>
      <Position16>
        <Filename Value="units\unit_pas2c64_parser.pas"/>
        <Caret Line="1477" Column="1" TopLine="1467"/>
      </Position16>
      <Position17>
        <Filename Value="units\unit_pas2c64_parser.pas"/>
        <Caret Line="1479" Column="1" TopLine="1467"/>
      </Position17>
      <Position18>
        <Filename Value="units\unit_pas2c64_parser.pas"/>
        <Caret Line="1480" Column="1" TopLine="1467"/>
      </Position18>
      <Position19>
        <Filename Value="units\unit_pas2c64_parser.pas"/>
        <Caret Line="1486" Column="1" TopLine="1467"/>
      </Position19>
      <Position20>
        <Filename Value="units\uParser.pas"/>
        <Caret Line="720" Column="1" TopLine="714"/>
      </Position20>
      <Position21>
        <Filename Value="units\unit_pas2c64_parser.pas"/>
        <Caret Line="1491" Column="17" TopLine="1467"/>
      </Position21>
      <Position22>
        <Filename Value="units\uParser.pas"/>
        <Caret Line="55" Column="14" TopLine="39"/>
      </Position22>
      <Position23>
        <Filename Value="units\uParser.pas"/>
        <Caret Line="804" Column="14" TopLine="775"/>
      </Position23>
      <Position24>
        <Filename Value="units\uParser.pas"/>
        <Caret Line="1" Column="1" TopLine="1"/>
      </Position24>
      <Position25>
        <Filename Value="units\uParser.pas"/>
        <Caret Line="55" Column="14" TopLine="29"/>
      </Position25>
      <Position26>
        <Filename Value="units\unit_pas2c64_parser.pas"/>
        <Caret Line="1491" Column="17" TopLine="1467"/>
      </Position26>
      <Position27>
        <Filename Value="units\unit_pas2c64_parser.pas"/>
        <Caret Line="1" Column="1" TopLine="1"/>
      </Position27>
      <Position28>
        <Filename Value="units\unit_pas2c64_parser.pas"/>
        <Caret Line="1317" Column="61" TopLine="1291"/>
      </Position28>
      <Position29>
        <Filename Value="units\unit_pas2c64_parser.pas"/>
        <Caret Line="1389" Column="63" TopLine="1363"/>
      </Position29>
      <Position30>
        <Filename Value="units\unit_pas2c64_parser.pas"/>
        <Caret Line="1439" Column="23" TopLine="1413"/>
      </Position30>
    </JumpHistory>
  </ProjectOptions>
  <CompilerOptions>
    <Version Value="9"/>
    <PathDelim Value="\"/>
    <SearchPaths>
      <IncludeFiles Value="units;$(ProjOutDir)"/>
      <OtherUnitFiles Value="units"/>
    </SearchPaths>
    <Parsing>
      <SyntaxOptions>
        <SyntaxMode Value="Delphi"/>
      </SyntaxOptions>
    </Parsing>
    <CodeGeneration>
      <SmartLinkUnit Value="True"/>
      <SmallerCode Value="True"/>
    </CodeGeneration>
    <Linking>
      <LinkSmart Value="True"/>
    </Linking>
    <Other>
      <CompilerMessages>
        <UseMsgFile Value="True"/>
      </CompilerMessages>
      <CompilerPath Value="$(CompPath)"/>
    </Other>
  </CompilerOptions>
  <Debugging>
    <Exceptions Count="4">
      <Item1>
        <Name Value="EAbort"/>
      </Item1>
      <Item2>
        <Name Value="ECodetoolError"/>
      </Item2>
      <Item3>
        <Name Value="EFOpenError"/>
      </Item3>
      <Item4>
        <Name Value="TParseException"/>
        <Enabled Value="False"/>
      </Item4>
    </Exceptions>
  </Debugging>
</CONFIG>
